
Microsoft Visual Studio Solution File, Format Version 12.00
# Visual Studio Version 16
VisualStudioVersion = 16.0.30717.126
MinimumVisualStudioVersion = 10.0.40219.1
Project("{9A19103F-16F7-4668-BE54-9A1E7A4F7556}") = "LantisDatabaseLinks", "LantisDatabaseLinks\LantisDatabaseLinks.csproj", "{B1B9831D-4217-414B-A6BE-802EA9A16FDC}"
EndProject
Project("{9A19103F-16F7-4668-BE54-9A1E7A4F7556}") = "LantisEntitySystem", "LantisEntitySystem\LantisEntitySystem.csproj", "{98F5B6E1-E202-49F5-892B-55D837E510EB}"
EndProject
Project("{9A19103F-16F7-4668-BE54-9A1E7A4F7556}") = "LantisExtend", "LantisExtend\LantisExtend.csproj", "{C75E02D6-CB14-43B0-89AD-D98749C082E1}"
EndProject
Project("{9A19103F-16F7-4668-BE54-9A1E7A4F7556}") = "LantisLocker", "LantisLocker\LantisLocker.csproj", "{1EC910A6-43C2-434E-8701-C6EA1FE6326E}"
EndProject
Project("{9A19103F-16F7-4668-BE54-9A1E7A4F7556}") = "LantisLogger", "LantisLogger\LantisLogger.csproj", "{3A82E5FE-622A-4D4E-8D6A-34341B192B8D}"
EndProject
Project("{9A19103F-16F7-4668-BE54-9A1E7A4F7556}") = "LantisNetwork", "LantisNetwork\LantisNetwork.csproj", "{947E94BD-5553-4570-BEFB-8D98D6C0CB5D}"
EndProject
Project("{9A19103F-16F7-4668-BE54-9A1E7A4F7556}") = "LantisPool", "LantisPool\LantisPool.csproj", "{78598F6A-4089-48AB-BAC5-18CE94A39955}"
EndProject
Project("{9A19103F-16F7-4668-BE54-9A1E7A4F7556}") = "LantisReadisCore", "LantisReadisCore\LantisReadisCore.csproj", "{F77B4CDF-A160-4B38-B51B-9B874C8C4251}"
EndProject
Project("{9A19103F-16F7-4668-BE54-9A1E7A4F7556}") = "LantisReadisOperation", "LantisReadisOperation\LantisReadisOperation.csproj", "{085A4CD2-4CFE-4531-AD0B-D0A26AABAB56}"
EndProject
Project("{9A19103F-16F7-4668-BE54-9A1E7A4F7556}") = "LantisRedisExecute", "LantisRedisExecute\LantisRedisExecute.csproj", "{B8493C6D-2413-4C85-BC7F-9F006806D7CC}"
EndProject
Project("{9A19103F-16F7-4668-BE54-9A1E7A4F7556}") = "LitJson", "LitJson\LitJson.csproj", "{B3B489A6-E003-4327-B5D7-0117733C815C}"
EndProject
Project("{9A19103F-16F7-4668-BE54-9A1E7A4F7556}") = "Zlib", "Zlib\Zlib.csproj", "{90378129-455C-4580-9EBB-DF6CC57A255B}"
EndProject
Project("{FAE04EC0-301F-11D3-BF4B-00C04F79EFBC}") = "MemoryStream", "MemoryStream\MemoryStream.csproj", "{FC882C89-0BE5-43A8-9B43-D158EB8D1C69}"
EndProject
Global
	GlobalSection(SolutionConfigurationPlatforms) = preSolution
		Debug|Any CPU = Debug|Any CPU
		Release|Any CPU = Release|Any CPU
	EndGlobalSection
	GlobalSection(ProjectConfigurationPlatforms) = postSolution
		{B1B9831D-4217-414B-A6BE-802EA9A16FDC}.Debug|Any CPU.ActiveCfg = Debug|Any CPU
		{B1B9831D-4217-414B-A6BE-802EA9A16FDC}.Debug|Any CPU.Build.0 = Debug|Any CPU
		{B1B9831D-4217-414B-A6BE-802EA9A16FDC}.Release|Any CPU.ActiveCfg = Release|Any CPU
		{B1B9831D-4217-414B-A6BE-802EA9A16FDC}.Release|Any CPU.Build.0 = Release|Any CPU
		{98F5B6E1-E202-49F5-892B-55D837E510EB}.Debug|Any CPU.ActiveCfg = Debug|Any CPU
		{98F5B6E1-E202-49F5-892B-55D837E510EB}.Debug|Any CPU.Build.0 = Debug|Any CPU
		{98F5B6E1-E202-49F5-892B-55D837E510EB}.Release|Any CPU.ActiveCfg = Release|Any CPU
		{98F5B6E1-E202-49F5-892B-55D837E510EB}.Release|Any CPU.Build.0 = Release|Any CPU
		{C75E02D6-CB14-43B0-89AD-D98749C082E1}.Debug|Any CPU.ActiveCfg = Debug|Any CPU
		{C75E02D6-CB14-43B0-89AD-D98749C082E1}.Debug|Any CPU.Build.0 = Debug|Any CPU
		{C75E02D6-CB14-43B0-89AD-D98749C082E1}.Release|Any CPU.ActiveCfg = Release|Any CPU
		{C75E02D6-CB14-43B0-89AD-D98749C082E1}.Release|Any CPU.Build.0 = Release|Any CPU
		{1EC910A6-43C2-434E-8701-C6EA1FE6326E}.Debug|Any CPU.ActiveCfg = Debug|Any CPU
		{1EC910A6-43C2-434E-8701-C6EA1FE6326E}.Debug|Any CPU.Build.0 = Debug|Any CPU
		{1EC910A6-43C2-434E-8701-C6EA1FE6326E}.Release|Any CPU.ActiveCfg = Release|Any CPU
		{1EC910A6-43C2-434E-8701-C6EA1FE6326E}.Release|Any CPU.Build.0 = Release|Any CPU
		{3A82E5FE-622A-4D4E-8D6A-34341B192B8D}.Debug|Any CPU.ActiveCfg = Debug|Any CPU
		{3A82E5FE-622A-4D4E-8D6A-34341B192B8D}.Debug|Any CPU.Build.0 = Debug|Any CPU
		{3A82E5FE-622A-4D4E-8D6A-34341B192B8D}.Release|Any CPU.ActiveCfg = Release|Any CPU
		{3A82E5FE-622A-4D4E-8D6A-34341B192B8D}.Release|Any CPU.Build.0 = Release|Any CPU
		{947E94BD-5553-4570-BEFB-8D98D6C0CB5D}.Debug|Any CPU.ActiveCfg = Debug|Any CPU
		{947E94BD-5553-4570-BEFB-8D98D6C0CB5D}.Debug|Any CPU.Build.0 = Debug|Any CPU
		{947E94BD-5553-4570-BEFB-8D98D6C0CB5D}.Release|Any CPU.ActiveCfg = Release|Any CPU
		{947E94BD-5553-4570-BEFB-8D98D6C0CB5D}.Release|Any CPU.Build.0 = Release|Any CPU
		{78598F6A-4089-48AB-BAC5-18CE94A39955}.Debug|Any CPU.ActiveCfg = Debug|Any CPU
		{78598F6A-4089-48AB-BAC5-18CE94A39955}.Debug|Any CPU.Build.0 = Debug|Any CPU
		{78598F6A-4089-48AB-BAC5-18CE94A39955}.Release|Any CPU.ActiveCfg = Release|Any CPU
		{78598F6A-4089-48AB-BAC5-18CE94A39955}.Release|Any CPU.Build.0 = Release|Any CPU
		{F77B4CDF-A160-4B38-B51B-9B874C8C4251}.Debug|Any CPU.ActiveCfg = Debug|Any CPU
		{F77B4CDF-A160-4B38-B51B-9B874C8C4251}.Debug|Any CPU.Build.0 = Debug|Any CPU
		{F77B4CDF-A160-4B38-B51B-9B874C8C4251}.Release|Any CPU.ActiveCfg = Release|Any CPU
		{F77B4CDF-A160-4B38-B51B-9B874C8C4251}.Release|Any CPU.Build.0 = Release|Any CPU
		{085A4CD2-4CFE-4531-AD0B-D0A26AABAB56}.Debug|Any CPU.ActiveCfg = Debug|Any CPU
		{085A4CD2-4CFE-4531-AD0B-D0A26AABAB56}.Debug|Any CPU.Build.0 = Debug|Any CPU
		{085A4CD2-4CFE-4531-AD0B-D0A26AABAB56}.Release|Any CPU.ActiveCfg = Release|Any CPU
		{085A4CD2-4CFE-4531-AD0B-D0A26AABAB56}.Release|Any CPU.Build.0 = Release|Any CPU
		{B8493C6D-2413-4C85-BC7F-9F006806D7CC}.Debug|Any CPU.ActiveCfg = Debug|Any CPU
		{B8493C6D-2413-4C85-BC7F-9F006806D7CC}.Debug|Any CPU.Build.0 = Debug|Any CPU
		{B8493C6D-2413-4C85-BC7F-9F006806D7CC}.Release|Any CPU.ActiveCfg = Release|Any CPU
		{B8493C6D-2413-4C85-BC7F-9F006806D7CC}.Release|Any CPU.Build.0 = Release|Any CPU
		{B3B489A6-E003-4327-B5D7-0117733C815C}.Debug|Any CPU.ActiveCfg = Debug|Any CPU
		{B3B489A6-E003-4327-B5D7-0117733C815C}.Debug|Any CPU.Build.0 = Debug|Any CPU
		{B3B489A6-E003-4327-B5D7-0117733C815C}.Release|Any CPU.ActiveCfg = Release|Any CPU
		{B3B489A6-E003-4327-B5D7-0117733C815C}.Release|Any CPU.Build.0 = Release|Any CPU
		{90378129-455C-4580-9EBB-DF6CC57A255B}.Debug|Any CPU.ActiveCfg = Debug|Any CPU
		{90378129-455C-4580-9EBB-DF6CC57A255B}.Debug|Any CPU.Build.0 = Debug|Any CPU
		{90378129-455C-4580-9EBB-DF6CC57A255B}.Release|Any CPU.ActiveCfg = Release|Any CPU
		{90378129-455C-4580-9EBB-DF6CC57A255B}.Release|Any CPU.Build.0 = Release|Any CPU
		{FC882C89-0BE5-43A8-9B43-D158EB8D1C69}.Debug|Any CPU.ActiveCfg = Debug|Any CPU
		{FC882C89-0BE5-43A8-9B43-D158EB8D1C69}.Debug|Any CPU.Build.0 = Debug|Any CPU
		{FC882C89-0BE5-43A8-9B43-D158EB8D1C69}.Release|Any CPU.ActiveCfg = Release|Any CPU
		{FC882C89-0BE5-43A8-9B43-D158EB8D1C69}.Release|Any CPU.Build.0 = Release|Any CPU
	EndGlobalSection
	GlobalSection(SolutionProperties) = preSolution
		HideSolutionNode = FALSE
	EndGlobalSection
	GlobalSection(ExtensibilityGlobals) = postSolution
		SolutionGuid = {3FB33533-7C06-4685-B434-A26705DAC130}
	EndGlobalSection
EndGlobal
